// !$*UTF8*$!
{
	archiveVersion = 1;
	classes = {
	};
	objectVersion = 46;
	objects = {

/* Begin PBXBuildFile section */
		4B2B1C77E740DF2BDFD871D5 /* libPods.a in Frameworks */ = {isa = PBXBuildFile; fileRef = FAA76153111D0C70615F45B4 /* libPods.a */; };
		E308168E1C04558D0007D896 /* WalkthroughPageViewController.m in Sources */ = {isa = PBXBuildFile; fileRef = E308168B1C04558D0007D896 /* WalkthroughPageViewController.m */; };
		E308168F1C04558D0007D896 /* WalkThroughViewController.m in Sources */ = {isa = PBXBuildFile; fileRef = E308168D1C04558D0007D896 /* WalkThroughViewController.m */; };
		E30816921C0455CB0007D896 /* CustomPageViewController.m in Sources */ = {isa = PBXBuildFile; fileRef = E30816911C0455CB0007D896 /* CustomPageViewController.m */; };
		E30816981C0457EA0007D896 /* WalkOne.xib in Resources */ = {isa = PBXBuildFile; fileRef = E30816931C0457EA0007D896 /* WalkOne.xib */; };
		E30816991C0457EA0007D896 /* WalkThree.xib in Resources */ = {isa = PBXBuildFile; fileRef = E30816941C0457EA0007D896 /* WalkThree.xib */; };
		E308169A1C0457EA0007D896 /* WalkThroughViewController.xib in Resources */ = {isa = PBXBuildFile; fileRef = E30816951C0457EA0007D896 /* WalkThroughViewController.xib */; };
		E308169B1C0457EA0007D896 /* WalkTwo.xib in Resources */ = {isa = PBXBuildFile; fileRef = E30816961C0457EA0007D896 /* WalkTwo.xib */; };
		E308169C1C0457EA0007D896 /* WalkZero.xib in Resources */ = {isa = PBXBuildFile; fileRef = E30816971C0457EA0007D896 /* WalkZero.xib */; };
		E3190EEB1C06F36800F8C390 /* BaseViewController.m in Sources */ = {isa = PBXBuildFile; fileRef = E3190EEA1C06F36800F8C390 /* BaseViewController.m */; };
		E32A47311C56725600EDF993 /* Comunicator.m in Sources */ = {isa = PBXBuildFile; fileRef = E32A47301C56725600EDF993 /* Comunicator.m */; };
		E33823751C1A2C310029C285 /* HUIViewModel.m in Sources */ = {isa = PBXBuildFile; fileRef = E33823741C1A2C310029C285 /* HUIViewModel.m */; };
		E36079CB1C18867D00AD6D11 /* BaseViewModel.m in Sources */ = {isa = PBXBuildFile; fileRef = E36079CA1C18867D00AD6D11 /* BaseViewModel.m */; };
		E36079D41C18887700AD6D11 /* PlantViewModel.m in Sources */ = {isa = PBXBuildFile; fileRef = E36079D31C18887700AD6D11 /* PlantViewModel.m */; };
		E36079D71C1968AF00AD6D11 /* Manager.m in Sources */ = {isa = PBXBuildFile; fileRef = E36079D61C1968AF00AD6D11 /* Manager.m */; };
		E3694FDC1C07330D0036D1F1 /* DetailPlantViewController.m in Sources */ = {isa = PBXBuildFile; fileRef = E3694FDB1C07330D0036D1F1 /* DetailPlantViewController.m */; };
		E3694FDF1C0733670036D1F1 /* SearchPlantViewController.m in Sources */ = {isa = PBXBuildFile; fileRef = E3694FDE1C0733670036D1F1 /* SearchPlantViewController.m */; };
		E3694FE11C074A1A0036D1F1 /* DetailPlantView.xib in Resources */ = {isa = PBXBuildFile; fileRef = E3694FE01C074A1A0036D1F1 /* DetailPlantView.xib */; };
		E3694FE31C074A540036D1F1 /* SearchPlantView.xib in Resources */ = {isa = PBXBuildFile; fileRef = E3694FE21C074A540036D1F1 /* SearchPlantView.xib */; };
		E39B8C651C1DEAB50015EF9F /* View.xib in Resources */ = {isa = PBXBuildFile; fileRef = E39B8C641C1DEAB50015EF9F /* View.xib */; };
		E39B8C681C1DEAFF0015EF9F /* ConfigureViewController.m in Sources */ = {isa = PBXBuildFile; fileRef = E39B8C671C1DEAFF0015EF9F /* ConfigureViewController.m */; };
		E39B8C6A1C1DEB670015EF9F /* ConfigureView.xib in Resources */ = {isa = PBXBuildFile; fileRef = E39B8C691C1DEB670015EF9F /* ConfigureView.xib */; };
		E39B8C891C2062590015EF9F /* MobileCoreServices.framework in Frameworks */ = {isa = PBXBuildFile; fileRef = E39B8C881C2062590015EF9F /* MobileCoreServices.framework */; };
		E39B8C8B1C20626A0015EF9F /* CoreLocation.framework in Frameworks */ = {isa = PBXBuildFile; fileRef = E39B8C8A1C20626A0015EF9F /* CoreLocation.framework */; };
		E39B8C921C20689D0015EF9F /* Wit.bundle in Resources */ = {isa = PBXBuildFile; fileRef = E39B8C901C20689D0015EF9F /* Wit.bundle */; };
		E39B8C951C20691E0015EF9F /* Wit.framework in Frameworks */ = {isa = PBXBuildFile; fileRef = E39B8C941C20691E0015EF9F /* Wit.framework */; };
		E39B8CA41C2A858F0015EF9F /* CoreServices.m in Sources */ = {isa = PBXBuildFile; fileRef = E39B8CA31C2A858F0015EF9F /* CoreServices.m */; };
		E3B02EB11C09AE76005E7DF4 /* MainViewController.m in Sources */ = {isa = PBXBuildFile; fileRef = E3B02EB01C09AE76005E7DF4 /* MainViewController.m */; };
		E3B02EB31C09AEB9005E7DF4 /* MainView.xib in Resources */ = {isa = PBXBuildFile; fileRef = E3B02EB21C09AEB9005E7DF4 /* MainView.xib */; };
		E3B3B0161C71E16F005C39CC /* GoogleService-Info.plist in Resources */ = {isa = PBXBuildFile; fileRef = E3B3B0151C71E16F005C39CC /* GoogleService-Info.plist */; };
		E3CE4E161C0221850096D0FB /* main.m in Sources */ = {isa = PBXBuildFile; fileRef = E3CE4E151C0221850096D0FB /* main.m */; };
		E3CE4E191C0221850096D0FB /* AppDelegate.m in Sources */ = {isa = PBXBuildFile; fileRef = E3CE4E181C0221850096D0FB /* AppDelegate.m */; };
		E3CE4E241C0221850096D0FB /* Assets.xcassets in Resources */ = {isa = PBXBuildFile; fileRef = E3CE4E231C0221850096D0FB /* Assets.xcassets */; };
		E3CE4E271C0221850096D0FB /* LaunchScreen.storyboard in Resources */ = {isa = PBXBuildFile; fileRef = E3CE4E251C0221850096D0FB /* LaunchScreen.storyboard */; };
		E3CE4E321C0221850096D0FB /* HUITests.m in Sources */ = {isa = PBXBuildFile; fileRef = E3CE4E311C0221850096D0FB /* HUITests.m */; };
		E3CE4E3D1C0221850096D0FB /* HUIUITests.m in Sources */ = {isa = PBXBuildFile; fileRef = E3CE4E3C1C0221850096D0FB /* HUIUITests.m */; };
		E3CE4E551C0222C10096D0FB /* HUI.xcdatamodeld in Sources */ = {isa = PBXBuildFile; fileRef = E3CE4E531C0222C10096D0FB /* HUI.xcdatamodeld */; };
		E3CE4E581C0222CD0096D0FB /* ViewController.m in Sources */ = {isa = PBXBuildFile; fileRef = E3CE4E571C0222CD0096D0FB /* ViewController.m */; };
		E3CE4E5D1C0226B80096D0FB /* CoreData.framework in Frameworks */ = {isa = PBXBuildFile; fileRef = E3CE4E5C1C0226B80096D0FB /* CoreData.framework */; };
		E3CE4E5F1C0226D80096D0FB /* SystemConfiguration.framework in Frameworks */ = {isa = PBXBuildFile; fileRef = E3CE4E5E1C0226D80096D0FB /* SystemConfiguration.framework */; };
		E3CE4E611C0227110096D0FB /* Foundation.framework in Frameworks */ = {isa = PBXBuildFile; fileRef = E3CE4E601C0227110096D0FB /* Foundation.framework */; };
		E3CE4E631C02271B0096D0FB /* CoreGraphics.framework in Frameworks */ = {isa = PBXBuildFile; fileRef = E3CE4E621C02271B0096D0FB /* CoreGraphics.framework */; };
		E3CE4E651C0227250096D0FB /* ImageIO.framework in Frameworks */ = {isa = PBXBuildFile; fileRef = E3CE4E641C0227250096D0FB /* ImageIO.framework */; };
		E3CE4E671C0227330096D0FB /* QuartzCore.framework in Frameworks */ = {isa = PBXBuildFile; fileRef = E3CE4E661C0227330096D0FB /* QuartzCore.framework */; };
		E3CE4E691C0227B70096D0FB /* libsqlite3.0.tbd in Frameworks */ = {isa = PBXBuildFile; fileRef = E3CE4E681C0227B60096D0FB /* libsqlite3.0.tbd */; };
		E3DA78621C08430600F6C06A /* PlantViewController.m in Sources */ = {isa = PBXBuildFile; fileRef = E3DA78611C08430600F6C06A /* PlantViewController.m */; };
		E3DA78641C08486800F6C06A /* CFNetwork.framework in Frameworks */ = {isa = PBXBuildFile; fileRef = E3DA78631C08486800F6C06A /* CFNetwork.framework */; };
		E3DA78661C08489200F6C06A /* UIKit.framework in Frameworks */ = {isa = PBXBuildFile; fileRef = E3DA78651C08489200F6C06A /* UIKit.framework */; };
		E3DA789B1C084F1100F6C06A /* Reachability.m in Sources */ = {isa = PBXBuildFile; fileRef = E3DA789A1C084F1100F6C06A /* Reachability.m */; };
		E3DA78AE1C086B5100F6C06A /* Main.storyboard in Resources */ = {isa = PBXBuildFile; fileRef = E3DA78AC1C086B5100F6C06A /* Main.storyboard */; };
		E3DDCB301C11B46E0053E150 /* Cancel.wav in Resources */ = {isa = PBXBuildFile; fileRef = E3DDCB2D1C11B46E0053E150 /* Cancel.wav */; };
		E3DDCB311C11B46E0053E150 /* Robot1.wav in Resources */ = {isa = PBXBuildFile; fileRef = E3DDCB2E1C11B46E0053E150 /* Robot1.wav */; };
		E3DDCB321C11B46E0053E150 /* Robot2.wav in Resources */ = {isa = PBXBuildFile; fileRef = E3DDCB2F1C11B46E0053E150 /* Robot2.wav */; };
		E3DDCB3E1C11BE2F0053E150 /* 37x-Checkmark.png in Resources */ = {isa = PBXBuildFile; fileRef = E3DDCB351C11BE2F0053E150 /* 37x-Checkmark.png */; };
		E3DDCB3F1C11BE2F0053E150 /* 37x-Checkmark@2x.png in Resources */ = {isa = PBXBuildFile; fileRef = E3DDCB361C11BE2F0053E150 /* 37x-Checkmark@2x.png */; };
		E3DDCB401C11BE2F0053E150 /* Icon-iOS7@2x.png in Resources */ = {isa = PBXBuildFile; fileRef = E3DDCB371C11BE2F0053E150 /* Icon-iOS7@2x.png */; };
		E3DDCB411C11BE2F0053E150 /* Icon-Small.png in Resources */ = {isa = PBXBuildFile; fileRef = E3DDCB381C11BE2F0053E150 /* Icon-Small.png */; };
		E3DDCB421C11BE2F0053E150 /* Icon-Small@2x.png in Resources */ = {isa = PBXBuildFile; fileRef = E3DDCB391C11BE2F0053E150 /* Icon-Small@2x.png */; };
		E3DDCB431C11BE2F0053E150 /* Icon.png in Resources */ = {isa = PBXBuildFile; fileRef = E3DDCB3A1C11BE2F0053E150 /* Icon.png */; };
		E3DDCB441C11BE2F0053E150 /* Icon@2x.png in Resources */ = {isa = PBXBuildFile; fileRef = E3DDCB3B1C11BE2F0053E150 /* Icon@2x.png */; };
		E3DDCB451C11BE2F0053E150 /* MBProgressHUD.m in Sources */ = {isa = PBXBuildFile; fileRef = E3DDCB3D1C11BE2F0053E150 /* MBProgressHUD.m */; };
		E3DDCB471C11F5BC0053E150 /* Play.wav in Resources */ = {isa = PBXBuildFile; fileRef = E3DDCB461C11F5BC0053E150 /* Play.wav */; };
		E3DF6CA01C0D896200004DA2 /* PlantView.xib in Resources */ = {isa = PBXBuildFile; fileRef = E3DF6C9F1C0D896200004DA2 /* PlantView.xib */; };
		E3EFE1D21C0F48CD0033BB25 /* AudioToolbox.framework in Frameworks */ = {isa = PBXBuildFile; fileRef = E3EFE1D11C0F48CD0033BB25 /* AudioToolbox.framework */; };
		E3EFE1D41C0F48DC0033BB25 /* AVFoundation.framework in Frameworks */ = {isa = PBXBuildFile; fileRef = E3EFE1D31C0F48DC0033BB25 /* AVFoundation.framework */; };
		E3EFE1D61C0F48F10033BB25 /* Security.framework in Frameworks */ = {isa = PBXBuildFile; fileRef = E3EFE1D51C0F48F10033BB25 /* Security.framework */; };
		E3EFE1DC1C0F4F190033BB25 /* SpeechKit.framework in Frameworks */ = {isa = PBXBuildFile; fileRef = E3EFE1DB1C0F4F190033BB25 /* SpeechKit.framework */; };
		E3EFE1E41C0F51C40033BB25 /* earcon_cancel.wav in Resources */ = {isa = PBXBuildFile; fileRef = E3EFE1E11C0F51C40033BB25 /* earcon_cancel.wav */; };
		E3EFE1E51C0F51C40033BB25 /* earcon_done_listening.wav in Resources */ = {isa = PBXBuildFile; fileRef = E3EFE1E21C0F51C40033BB25 /* earcon_done_listening.wav */; };
		E3EFE1E61C0F51C40033BB25 /* earcon_listening.wav in Resources */ = {isa = PBXBuildFile; fileRef = E3EFE1E31C0F51C40033BB25 /* earcon_listening.wav */; };
		E3EFE1F31C108BF50033BB25 /* AskHuiView.xib in Resources */ = {isa = PBXBuildFile; fileRef = E3EFE1F21C108BF50033BB25 /* AskHuiView.xib */; };
		E3EFE1F61C108C0A0033BB25 /* AskHuiViewController.m in Sources */ = {isa = PBXBuildFile; fileRef = E3EFE1F51C108C0A0033BB25 /* AskHuiViewController.m */; };
		E3EFE1FA1C109CDA0033BB25 /* Utils.m in Sources */ = {isa = PBXBuildFile; fileRef = E3EFE1F91C109CDA0033BB25 /* Utils.m */; };
		E3F694AB1C46ADAD008A2F3C /* GrandHotel-Regular.ttf in Resources */ = {isa = PBXBuildFile; fileRef = E3F694A91C46ADAD008A2F3C /* GrandHotel-Regular.ttf */; };
		E3F694AC1C46ADAD008A2F3C /* Multicolore.otf in Resources */ = {isa = PBXBuildFile; fileRef = E3F694AA1C46ADAD008A2F3C /* Multicolore.otf */; };
/* End PBXBuildFile section */

/* Begin PBXContainerItemProxy section */
		E3CE4E2E1C0221850096D0FB /* PBXContainerItemProxy */ = {
			isa = PBXContainerItemProxy;
			containerPortal = E3CE4E091C0221850096D0FB /* Project object */;
			proxyType = 1;
			remoteGlobalIDString = E3CE4E101C0221850096D0FB;
			remoteInfo = HUI;
		};
		E3CE4E391C0221850096D0FB /* PBXContainerItemProxy */ = {
			isa = PBXContainerItemProxy;
			containerPortal = E3CE4E091C0221850096D0FB /* Project object */;
			proxyType = 1;
			remoteGlobalIDString = E3CE4E101C0221850096D0FB;
			remoteInfo = HUI;
		};
/* End PBXContainerItemProxy section */

/* Begin PBXFileReference section */
		3F50527291474C2F6DB81AED /* Pods.debug.xcconfig */ = {isa = PBXFileReference; includeInIndex = 1; lastKnownFileType = text.xcconfig; name = Pods.debug.xcconfig; path = "Pods/Target Support Files/Pods/Pods.debug.xcconfig"; sourceTree = "<group>"; };
		6ABAA538C58AACE92BFD10EB /* Pods.release.xcconfig */ = {isa = PBXFileReference; includeInIndex = 1; lastKnownFileType = text.xcconfig; name = Pods.release.xcconfig; path = "Pods/Target Support Files/Pods/Pods.release.xcconfig"; sourceTree = "<group>"; };
		E308168A1C04558D0007D896 /* WalkthroughPageViewController.h */ = {isa = PBXFileReference; fileEncoding = 4; lastKnownFileType = sourcecode.c.h; path = WalkthroughPageViewController.h; sourceTree = "<group>"; };
		E308168B1C04558D0007D896 /* WalkthroughPageViewController.m */ = {isa = PBXFileReference; fileEncoding = 4; lastKnownFileType = sourcecode.c.objc; path = WalkthroughPageViewController.m; sourceTree = "<group>"; };
		E308168C1C04558D0007D896 /* WalkThroughViewController.h */ = {isa = PBXFileReference; fileEncoding = 4; lastKnownFileType = sourcecode.c.h; path = WalkThroughViewController.h; sourceTree = "<group>"; };
		E308168D1C04558D0007D896 /* WalkThroughViewController.m */ = {isa = PBXFileReference; fileEncoding = 4; lastKnownFileType = sourcecode.c.objc; path = WalkThroughViewController.m; sourceTree = "<group>"; };
		E30816901C0455CB0007D896 /* CustomPageViewController.h */ = {isa = PBXFileReference; fileEncoding = 4; lastKnownFileType = sourcecode.c.h; path = CustomPageViewController.h; sourceTree = "<group>"; };
		E30816911C0455CB0007D896 /* CustomPageViewController.m */ = {isa = PBXFileReference; fileEncoding = 4; lastKnownFileType = sourcecode.c.objc; path = CustomPageViewController.m; sourceTree = "<group>"; };
		E30816931C0457EA0007D896 /* WalkOne.xib */ = {isa = PBXFileReference; fileEncoding = 4; lastKnownFileType = file.xib; path = WalkOne.xib; sourceTree = "<group>"; };
		E30816941C0457EA0007D896 /* WalkThree.xib */ = {isa = PBXFileReference; fileEncoding = 4; lastKnownFileType = file.xib; path = WalkThree.xib; sourceTree = "<group>"; };
		E30816951C0457EA0007D896 /* WalkThroughViewController.xib */ = {isa = PBXFileReference; fileEncoding = 4; lastKnownFileType = file.xib; path = WalkThroughViewController.xib; sourceTree = "<group>"; };
		E30816961C0457EA0007D896 /* WalkTwo.xib */ = {isa = PBXFileReference; fileEncoding = 4; lastKnownFileType = file.xib; path = WalkTwo.xib; sourceTree = "<group>"; };
		E30816971C0457EA0007D896 /* WalkZero.xib */ = {isa = PBXFileReference; fileEncoding = 4; lastKnownFileType = file.xib; path = WalkZero.xib; sourceTree = "<group>"; };
		E3190EE91C06F36800F8C390 /* BaseViewController.h */ = {isa = PBXFileReference; fileEncoding = 4; lastKnownFileType = sourcecode.c.h; path = BaseViewController.h; sourceTree = "<group>"; };
		E3190EEA1C06F36800F8C390 /* BaseViewController.m */ = {isa = PBXFileReference; fileEncoding = 4; lastKnownFileType = sourcecode.c.objc; path = BaseViewController.m; sourceTree = "<group>"; };
		E32A472F1C56725600EDF993 /* Comunicator.h */ = {isa = PBXFileReference; fileEncoding = 4; lastKnownFileType = sourcecode.c.h; path = Comunicator.h; sourceTree = "<group>"; };
		E32A47301C56725600EDF993 /* Comunicator.m */ = {isa = PBXFileReference; fileEncoding = 4; lastKnownFileType = sourcecode.c.objc; path = Comunicator.m; sourceTree = "<group>"; };
		E33823731C1A2C310029C285 /* HUIViewModel.h */ = {isa = PBXFileReference; fileEncoding = 4; lastKnownFileType = sourcecode.c.h; path = HUIViewModel.h; sourceTree = "<group>"; };
		E33823741C1A2C310029C285 /* HUIViewModel.m */ = {isa = PBXFileReference; fileEncoding = 4; lastKnownFileType = sourcecode.c.objc; path = HUIViewModel.m; sourceTree = "<group>"; };
		E36079C91C18867D00AD6D11 /* BaseViewModel.h */ = {isa = PBXFileReference; fileEncoding = 4; lastKnownFileType = sourcecode.c.h; path = BaseViewModel.h; sourceTree = "<group>"; };
		E36079CA1C18867D00AD6D11 /* BaseViewModel.m */ = {isa = PBXFileReference; fileEncoding = 4; lastKnownFileType = sourcecode.c.objc; path = BaseViewModel.m; sourceTree = "<group>"; };
		E36079D21C18887700AD6D11 /* PlantViewModel.h */ = {isa = PBXFileReference; fileEncoding = 4; lastKnownFileType = sourcecode.c.h; path = PlantViewModel.h; sourceTree = "<group>"; };
		E36079D31C18887700AD6D11 /* PlantViewModel.m */ = {isa = PBXFileReference; fileEncoding = 4; lastKnownFileType = sourcecode.c.objc; path = PlantViewModel.m; sourceTree = "<group>"; };
		E36079D51C1968AF00AD6D11 /* Manager.h */ = {isa = PBXFileReference; fileEncoding = 4; lastKnownFileType = sourcecode.c.h; path = Manager.h; sourceTree = "<group>"; };
		E36079D61C1968AF00AD6D11 /* Manager.m */ = {isa = PBXFileReference; fileEncoding = 4; lastKnownFileType = sourcecode.c.objc; path = Manager.m; sourceTree = "<group>"; };
		E3694FDA1C07330D0036D1F1 /* DetailPlantViewController.h */ = {isa = PBXFileReference; fileEncoding = 4; lastKnownFileType = sourcecode.c.h; path = DetailPlantViewController.h; sourceTree = "<group>"; };
		E3694FDB1C07330D0036D1F1 /* DetailPlantViewController.m */ = {isa = PBXFileReference; fileEncoding = 4; lastKnownFileType = sourcecode.c.objc; path = DetailPlantViewController.m; sourceTree = "<group>"; };
		E3694FDD1C0733670036D1F1 /* SearchPlantViewController.h */ = {isa = PBXFileReference; fileEncoding = 4; lastKnownFileType = sourcecode.c.h; path = SearchPlantViewController.h; sourceTree = "<group>"; };
		E3694FDE1C0733670036D1F1 /* SearchPlantViewController.m */ = {isa = PBXFileReference; fileEncoding = 4; lastKnownFileType = sourcecode.c.objc; path = SearchPlantViewController.m; sourceTree = "<group>"; };
		E3694FE01C074A1A0036D1F1 /* DetailPlantView.xib */ = {isa = PBXFileReference; fileEncoding = 4; lastKnownFileType = file.xib; path = DetailPlantView.xib; sourceTree = "<group>"; };
		E3694FE21C074A540036D1F1 /* SearchPlantView.xib */ = {isa = PBXFileReference; fileEncoding = 4; lastKnownFileType = file.xib; path = SearchPlantView.xib; sourceTree = "<group>"; };
		E39B8C641C1DEAB50015EF9F /* View.xib */ = {isa = PBXFileReference; fileEncoding = 4; lastKnownFileType = file.xib; path = View.xib; sourceTree = "<group>"; };
		E39B8C661C1DEAFF0015EF9F /* ConfigureViewController.h */ = {isa = PBXFileReference; fileEncoding = 4; lastKnownFileType = sourcecode.c.h; path = ConfigureViewController.h; sourceTree = "<group>"; };
		E39B8C671C1DEAFF0015EF9F /* ConfigureViewController.m */ = {isa = PBXFileReference; fileEncoding = 4; lastKnownFileType = sourcecode.c.objc; path = ConfigureViewController.m; sourceTree = "<group>"; };
		E39B8C691C1DEB670015EF9F /* ConfigureView.xib */ = {isa = PBXFileReference; fileEncoding = 4; lastKnownFileType = file.xib; path = ConfigureView.xib; sourceTree = "<group>"; };
		E39B8C881C2062590015EF9F /* MobileCoreServices.framework */ = {isa = PBXFileReference; lastKnownFileType = wrapper.framework; name = MobileCoreServices.framework; path = System/Library/Frameworks/MobileCoreServices.framework; sourceTree = SDKROOT; };
		E39B8C8A1C20626A0015EF9F /* CoreLocation.framework */ = {isa = PBXFileReference; lastKnownFileType = wrapper.framework; name = CoreLocation.framework; path = System/Library/Frameworks/CoreLocation.framework; sourceTree = SDKROOT; };
		E39B8C901C20689D0015EF9F /* Wit.bundle */ = {isa = PBXFileReference; lastKnownFileType = "wrapper.plug-in"; name = Wit.bundle; path = Wit/Wit.bundle; sourceTree = "<group>"; };
		E39B8C941C20691E0015EF9F /* Wit.framework */ = {isa = PBXFileReference; lastKnownFileType = wrapper.framework; name = Wit.framework; path = Wit/Wit.framework; sourceTree = "<group>"; };
		E39B8C961C22A0770015EF9F /* Constants.h */ = {isa = PBXFileReference; fileEncoding = 4; lastKnownFileType = sourcecode.c.h; path = Constants.h; sourceTree = "<group>"; };
		E39B8C9F1C23244D0015EF9F /* Test.h */ = {isa = PBXFileReference; fileEncoding = 4; lastKnownFileType = sourcecode.c.h; path = Test.h; sourceTree = "<group>"; };
		E39B8CA21C2A858E0015EF9F /* CoreServices.h */ = {isa = PBXFileReference; fileEncoding = 4; lastKnownFileType = sourcecode.c.h; path = CoreServices.h; sourceTree = "<group>"; };
		E39B8CA31C2A858F0015EF9F /* CoreServices.m */ = {isa = PBXFileReference; fileEncoding = 4; lastKnownFileType = sourcecode.c.objc; path = CoreServices.m; sourceTree = "<group>"; };
		E3B02EAF1C09AE76005E7DF4 /* MainViewController.h */ = {isa = PBXFileReference; fileEncoding = 4; lastKnownFileType = sourcecode.c.h; path = MainViewController.h; sourceTree = "<group>"; };
		E3B02EB01C09AE76005E7DF4 /* MainViewController.m */ = {isa = PBXFileReference; fileEncoding = 4; lastKnownFileType = sourcecode.c.objc; path = MainViewController.m; sourceTree = "<group>"; };
		E3B02EB21C09AEB9005E7DF4 /* MainView.xib */ = {isa = PBXFileReference; fileEncoding = 4; lastKnownFileType = file.xib; path = MainView.xib; sourceTree = "<group>"; };
		E3B3B0151C71E16F005C39CC /* GoogleService-Info.plist */ = {isa = PBXFileReference; fileEncoding = 4; lastKnownFileType = text.plist.xml; name = "GoogleService-Info.plist"; path = "../../../../../Downloads/GoogleService-Info.plist"; sourceTree = "<group>"; };
		E3CE4E111C0221850096D0FB /* HUI.app */ = {isa = PBXFileReference; explicitFileType = wrapper.application; includeInIndex = 0; path = HUI.app; sourceTree = BUILT_PRODUCTS_DIR; };
		E3CE4E151C0221850096D0FB /* main.m */ = {isa = PBXFileReference; lastKnownFileType = sourcecode.c.objc; path = main.m; sourceTree = "<group>"; };
		E3CE4E171C0221850096D0FB /* AppDelegate.h */ = {isa = PBXFileReference; lastKnownFileType = sourcecode.c.h; path = AppDelegate.h; sourceTree = "<group>"; };
		E3CE4E181C0221850096D0FB /* AppDelegate.m */ = {isa = PBXFileReference; lastKnownFileType = sourcecode.c.objc; path = AppDelegate.m; sourceTree = "<group>"; };
		E3CE4E231C0221850096D0FB /* Assets.xcassets */ = {isa = PBXFileReference; lastKnownFileType = folder.assetcatalog; path = Assets.xcassets; sourceTree = "<group>"; };
		E3CE4E261C0221850096D0FB /* Base */ = {isa = PBXFileReference; lastKnownFileType = file.storyboard; name = Base; path = Base.lproj/LaunchScreen.storyboard; sourceTree = "<group>"; };
		E3CE4E281C0221850096D0FB /* Info.plist */ = {isa = PBXFileReference; lastKnownFileType = text.plist.xml; path = Info.plist; sourceTree = "<group>"; };
		E3CE4E2D1C0221850096D0FB /* HUITests.xctest */ = {isa = PBXFileReference; explicitFileType = wrapper.cfbundle; includeInIndex = 0; path = HUITests.xctest; sourceTree = BUILT_PRODUCTS_DIR; };
		E3CE4E311C0221850096D0FB /* HUITests.m */ = {isa = PBXFileReference; lastKnownFileType = sourcecode.c.objc; path = HUITests.m; sourceTree = "<group>"; };
		E3CE4E331C0221850096D0FB /* Info.plist */ = {isa = PBXFileReference; lastKnownFileType = text.plist.xml; path = Info.plist; sourceTree = "<group>"; };
		E3CE4E381C0221850096D0FB /* HUIUITests.xctest */ = {isa = PBXFileReference; explicitFileType = wrapper.cfbundle; includeInIndex = 0; path = HUIUITests.xctest; sourceTree = BUILT_PRODUCTS_DIR; };
		E3CE4E3C1C0221850096D0FB /* HUIUITests.m */ = {isa = PBXFileReference; lastKnownFileType = sourcecode.c.objc; path = HUIUITests.m; sourceTree = "<group>"; };
		E3CE4E3E1C0221850096D0FB /* Info.plist */ = {isa = PBXFileReference; lastKnownFileType = text.plist.xml; path = Info.plist; sourceTree = "<group>"; };
		E3CE4E541C0222C10096D0FB /* HUI.xcdatamodel */ = {isa = PBXFileReference; lastKnownFileType = wrapper.xcdatamodel; path = HUI.xcdatamodel; sourceTree = "<group>"; };
		E3CE4E561C0222CC0096D0FB /* ViewController.h */ = {isa = PBXFileReference; fileEncoding = 4; lastKnownFileType = sourcecode.c.h; path = ViewController.h; sourceTree = "<group>"; };
		E3CE4E571C0222CD0096D0FB /* ViewController.m */ = {isa = PBXFileReference; fileEncoding = 4; lastKnownFileType = sourcecode.c.objc; path = ViewController.m; sourceTree = "<group>"; };
		E3CE4E5C1C0226B80096D0FB /* CoreData.framework */ = {isa = PBXFileReference; lastKnownFileType = wrapper.framework; name = CoreData.framework; path = System/Library/Frameworks/CoreData.framework; sourceTree = SDKROOT; };
		E3CE4E5E1C0226D80096D0FB /* SystemConfiguration.framework */ = {isa = PBXFileReference; lastKnownFileType = wrapper.framework; name = SystemConfiguration.framework; path = System/Library/Frameworks/SystemConfiguration.framework; sourceTree = SDKROOT; };
		E3CE4E601C0227110096D0FB /* Foundation.framework */ = {isa = PBXFileReference; lastKnownFileType = wrapper.framework; name = Foundation.framework; path = System/Library/Frameworks/Foundation.framework; sourceTree = SDKROOT; };
		E3CE4E621C02271B0096D0FB /* CoreGraphics.framework */ = {isa = PBXFileReference; lastKnownFileType = wrapper.framework; name = CoreGraphics.framework; path = System/Library/Frameworks/CoreGraphics.framework; sourceTree = SDKROOT; };
		E3CE4E641C0227250096D0FB /* ImageIO.framework */ = {isa = PBXFileReference; lastKnownFileType = wrapper.framework; name = ImageIO.framework; path = System/Library/Frameworks/ImageIO.framework; sourceTree = SDKROOT; };
		E3CE4E661C0227330096D0FB /* QuartzCore.framework */ = {isa = PBXFileReference; lastKnownFileType = wrapper.framework; name = QuartzCore.framework; path = System/Library/Frameworks/QuartzCore.framework; sourceTree = SDKROOT; };
		E3CE4E681C0227B60096D0FB /* libsqlite3.0.tbd */ = {isa = PBXFileReference; lastKnownFileType = "sourcecode.text-based-dylib-definition"; name = libsqlite3.0.tbd; path = usr/lib/libsqlite3.0.tbd; sourceTree = SDKROOT; };
		E3DA78601C08430600F6C06A /* PlantViewController.h */ = {isa = PBXFileReference; fileEncoding = 4; lastKnownFileType = sourcecode.c.h; path = PlantViewController.h; sourceTree = "<group>"; };
		E3DA78611C08430600F6C06A /* PlantViewController.m */ = {isa = PBXFileReference; fileEncoding = 4; lastKnownFileType = sourcecode.c.objc; path = PlantViewController.m; sourceTree = "<group>"; };
		E3DA78631C08486800F6C06A /* CFNetwork.framework */ = {isa = PBXFileReference; lastKnownFileType = wrapper.framework; name = CFNetwork.framework; path = System/Library/Frameworks/CFNetwork.framework; sourceTree = SDKROOT; };
		E3DA78651C08489200F6C06A /* UIKit.framework */ = {isa = PBXFileReference; lastKnownFileType = wrapper.framework; name = UIKit.framework; path = System/Library/Frameworks/UIKit.framework; sourceTree = SDKROOT; };
		E3DA78991C084F1100F6C06A /* Reachability.h */ = {isa = PBXFileReference; fileEncoding = 4; lastKnownFileType = sourcecode.c.h; path = Reachability.h; sourceTree = "<group>"; };
		E3DA789A1C084F1100F6C06A /* Reachability.m */ = {isa = PBXFileReference; fileEncoding = 4; lastKnownFileType = sourcecode.c.objc; path = Reachability.m; sourceTree = "<group>"; };
		E3DA78AB1C085D6F00F6C06A /* NavigationTransitionController-Prefix.pch */ = {isa = PBXFileReference; lastKnownFileType = sourcecode.c.h; path = "NavigationTransitionController-Prefix.pch"; sourceTree = "<group>"; };
		E3DA78AD1C086B5100F6C06A /* Base */ = {isa = PBXFileReference; lastKnownFileType = file.storyboard; name = Base; path = Base.lproj/Main.storyboard; sourceTree = "<group>"; };
		E3DDCB2D1C11B46E0053E150 /* Cancel.wav */ = {isa = PBXFileReference; lastKnownFileType = audio.wav; path = Cancel.wav; sourceTree = "<group>"; };
		E3DDCB2E1C11B46E0053E150 /* Robot1.wav */ = {isa = PBXFileReference; lastKnownFileType = audio.wav; path = Robot1.wav; sourceTree = "<group>"; };
		E3DDCB2F1C11B46E0053E150 /* Robot2.wav */ = {isa = PBXFileReference; lastKnownFileType = audio.wav; path = Robot2.wav; sourceTree = "<group>"; };
		E3DDCB351C11BE2F0053E150 /* 37x-Checkmark.png */ = {isa = PBXFileReference; lastKnownFileType = image.png; path = "37x-Checkmark.png"; sourceTree = "<group>"; };
		E3DDCB361C11BE2F0053E150 /* 37x-Checkmark@2x.png */ = {isa = PBXFileReference; lastKnownFileType = image.png; path = "37x-Checkmark@2x.png"; sourceTree = "<group>"; };
		E3DDCB371C11BE2F0053E150 /* Icon-iOS7@2x.png */ = {isa = PBXFileReference; lastKnownFileType = image.png; path = "Icon-iOS7@2x.png"; sourceTree = "<group>"; };
		E3DDCB381C11BE2F0053E150 /* Icon-Small.png */ = {isa = PBXFileReference; lastKnownFileType = image.png; path = "Icon-Small.png"; sourceTree = "<group>"; };
		E3DDCB391C11BE2F0053E150 /* Icon-Small@2x.png */ = {isa = PBXFileReference; lastKnownFileType = image.png; path = "Icon-Small@2x.png"; sourceTree = "<group>"; };
		E3DDCB3A1C11BE2F0053E150 /* Icon.png */ = {isa = PBXFileReference; lastKnownFileType = image.png; path = Icon.png; sourceTree = "<group>"; };
		E3DDCB3B1C11BE2F0053E150 /* Icon@2x.png */ = {isa = PBXFileReference; lastKnownFileType = image.png; path = "Icon@2x.png"; sourceTree = "<group>"; };
		E3DDCB3C1C11BE2F0053E150 /* MBProgressHUD.h */ = {isa = PBXFileReference; fileEncoding = 4; lastKnownFileType = sourcecode.c.h; path = MBProgressHUD.h; sourceTree = "<group>"; };
		E3DDCB3D1C11BE2F0053E150 /* MBProgressHUD.m */ = {isa = PBXFileReference; fileEncoding = 4; lastKnownFileType = sourcecode.c.objc; path = MBProgressHUD.m; sourceTree = "<group>"; };
		E3DDCB461C11F5BC0053E150 /* Play.wav */ = {isa = PBXFileReference; lastKnownFileType = audio.wav; path = Play.wav; sourceTree = "<group>"; };
		E3DF6C9F1C0D896200004DA2 /* PlantView.xib */ = {isa = PBXFileReference; fileEncoding = 4; lastKnownFileType = file.xib; path = PlantView.xib; sourceTree = "<group>"; };
		E3EFE1D11C0F48CD0033BB25 /* AudioToolbox.framework */ = {isa = PBXFileReference; lastKnownFileType = wrapper.framework; name = AudioToolbox.framework; path = System/Library/Frameworks/AudioToolbox.framework; sourceTree = SDKROOT; };
		E3EFE1D31C0F48DC0033BB25 /* AVFoundation.framework */ = {isa = PBXFileReference; lastKnownFileType = wrapper.framework; name = AVFoundation.framework; path = System/Library/Frameworks/AVFoundation.framework; sourceTree = SDKROOT; };
		E3EFE1D51C0F48F10033BB25 /* Security.framework */ = {isa = PBXFileReference; lastKnownFileType = wrapper.framework; name = Security.framework; path = System/Library/Frameworks/Security.framework; sourceTree = SDKROOT; };
		E3EFE1DB1C0F4F190033BB25 /* SpeechKit.framework */ = {isa = PBXFileReference; lastKnownFileType = wrapper.framework; path = SpeechKit.framework; sourceTree = "<group>"; };
		E3EFE1E11C0F51C40033BB25 /* earcon_cancel.wav */ = {isa = PBXFileReference; lastKnownFileType = audio.wav; path = earcon_cancel.wav; sourceTree = "<group>"; };
		E3EFE1E21C0F51C40033BB25 /* earcon_done_listening.wav */ = {isa = PBXFileReference; lastKnownFileType = audio.wav; path = earcon_done_listening.wav; sourceTree = "<group>"; };
		E3EFE1E31C0F51C40033BB25 /* earcon_listening.wav */ = {isa = PBXFileReference; lastKnownFileType = audio.wav; path = earcon_listening.wav; sourceTree = "<group>"; };
		E3EFE1F21C108BF50033BB25 /* AskHuiView.xib */ = {isa = PBXFileReference; fileEncoding = 4; lastKnownFileType = file.xib; path = AskHuiView.xib; sourceTree = "<group>"; };
		E3EFE1F41C108C0A0033BB25 /* AskHuiViewController.h */ = {isa = PBXFileReference; fileEncoding = 4; lastKnownFileType = sourcecode.c.h; path = AskHuiViewController.h; sourceTree = "<group>"; };
		E3EFE1F51C108C0A0033BB25 /* AskHuiViewController.m */ = {isa = PBXFileReference; fileEncoding = 4; lastKnownFileType = sourcecode.c.objc; path = AskHuiViewController.m; sourceTree = "<group>"; };
		E3EFE1F81C109CDA0033BB25 /* Utils.h */ = {isa = PBXFileReference; fileEncoding = 4; lastKnownFileType = sourcecode.c.h; path = Utils.h; sourceTree = "<group>"; };
		E3EFE1F91C109CDA0033BB25 /* Utils.m */ = {isa = PBXFileReference; fileEncoding = 4; lastKnownFileType = sourcecode.c.objc; path = Utils.m; sourceTree = "<group>"; };
		E3F694A91C46ADAD008A2F3C /* GrandHotel-Regular.ttf */ = {isa = PBXFileReference; lastKnownFileType = file; path = "GrandHotel-Regular.ttf"; sourceTree = "<group>"; };
		E3F694AA1C46ADAD008A2F3C /* Multicolore.otf */ = {isa = PBXFileReference; lastKnownFileType = file; path = Multicolore.otf; sourceTree = "<group>"; };
		FAA76153111D0C70615F45B4 /* libPods.a */ = {isa = PBXFileReference; explicitFileType = archive.ar; includeInIndex = 0; path = libPods.a; sourceTree = BUILT_PRODUCTS_DIR; };
/* End PBXFileReference section */

/* Begin PBXFrameworksBuildPhase section */
		E3CE4E0E1C0221850096D0FB /* Frameworks */ = {
			isa = PBXFrameworksBuildPhase;
			buildActionMask = 2147483647;
			files = (
				E39B8C8B1C20626A0015EF9F /* CoreLocation.framework in Frameworks */,
				E39B8C891C2062590015EF9F /* MobileCoreServices.framework in Frameworks */,
				E3EFE1D61C0F48F10033BB25 /* Security.framework in Frameworks */,
				E3EFE1D41C0F48DC0033BB25 /* AVFoundation.framework in Frameworks */,
				E3EFE1D21C0F48CD0033BB25 /* AudioToolbox.framework in Frameworks */,
				E3DA78661C08489200F6C06A /* UIKit.framework in Frameworks */,
				E3DA78641C08486800F6C06A /* CFNetwork.framework in Frameworks */,
				E3EFE1DC1C0F4F190033BB25 /* SpeechKit.framework in Frameworks */,
				E3CE4E691C0227B70096D0FB /* libsqlite3.0.tbd in Frameworks */,
				E3CE4E671C0227330096D0FB /* QuartzCore.framework in Frameworks */,
				E3CE4E651C0227250096D0FB /* ImageIO.framework in Frameworks */,
				E3CE4E631C02271B0096D0FB /* CoreGraphics.framework in Frameworks */,
				E3CE4E611C0227110096D0FB /* Foundation.framework in Frameworks */,
				E39B8C951C20691E0015EF9F /* Wit.framework in Frameworks */,
				E3CE4E5F1C0226D80096D0FB /* SystemConfiguration.framework in Frameworks */,
				E3CE4E5D1C0226B80096D0FB /* CoreData.framework in Frameworks */,
				4B2B1C77E740DF2BDFD871D5 /* libPods.a in Frameworks */,
			);
			runOnlyForDeploymentPostprocessing = 0;
		};
		E3CE4E2A1C0221850096D0FB /* Frameworks */ = {
			isa = PBXFrameworksBuildPhase;
			buildActionMask = 2147483647;
			files = (
			);
			runOnlyForDeploymentPostprocessing = 0;
		};
		E3CE4E351C0221850096D0FB /* Frameworks */ = {
			isa = PBXFrameworksBuildPhase;
			buildActionMask = 2147483647;
			files = (
			);
			runOnlyForDeploymentPostprocessing = 0;
		};
/* End PBXFrameworksBuildPhase section */

/* Begin PBXGroup section */
		4A62FAF459083EEEAD191741 /* Pods */ = {
			isa = PBXGroup;
			children = (
				3F50527291474C2F6DB81AED /* Pods.debug.xcconfig */,
				6ABAA538C58AACE92BFD10EB /* Pods.release.xcconfig */,
			);
			name = Pods;
			sourceTree = "<group>";
		};
		82D037480CD3FD520E54CFCF /* Frameworks */ = {
			isa = PBXGroup;
			children = (
				FAA76153111D0C70615F45B4 /* libPods.a */,
			);
			name = Frameworks;
			sourceTree = "<group>";
		};
		E36079C51C18856600AD6D11 /* Models */ = {
			isa = PBXGroup;
			children = (
				E36079C91C18867D00AD6D11 /* BaseViewModel.h */,
				E36079CA1C18867D00AD6D11 /* BaseViewModel.m */,
				E36079D21C18887700AD6D11 /* PlantViewModel.h */,
				E36079D31C18887700AD6D11 /* PlantViewModel.m */,
				E33823731C1A2C310029C285 /* HUIViewModel.h */,
				E33823741C1A2C310029C285 /* HUIViewModel.m */,
			);
			path = Models;
			sourceTree = "<group>";
		};
		E39B8C831C2062050015EF9F /* Wit */ = {
			isa = PBXGroup;
			children = (
				E39B8C941C20691E0015EF9F /* Wit.framework */,
				E39B8C901C20689D0015EF9F /* Wit.bundle */,
			);
			name = Wit;
			sourceTree = "<group>";
		};
		E3CE4E081C0221850096D0FB = {
			isa = PBXGroup;
			children = (
				E3B3B0151C71E16F005C39CC /* GoogleService-Info.plist */,
				E3CE4E131C0221850096D0FB /* HUI */,
				E3CE4E301C0221850096D0FB /* HUITests */,
				E3CE4E3B1C0221850096D0FB /* HUIUITests */,
				E3CE4E121C0221850096D0FB /* Products */,
				82D037480CD3FD520E54CFCF /* Frameworks */,
				4A62FAF459083EEEAD191741 /* Pods */,
			);
			sourceTree = "<group>";
		};
		E3CE4E121C0221850096D0FB /* Products */ = {
			isa = PBXGroup;
			children = (
				E3CE4E111C0221850096D0FB /* HUI.app */,
				E3CE4E2D1C0221850096D0FB /* HUITests.xctest */,
				E3CE4E381C0221850096D0FB /* HUIUITests.xctest */,
			);
			name = Products;
			sourceTree = "<group>";
		};
		E3CE4E131C0221850096D0FB /* HUI */ = {
			isa = PBXGroup;
			children = (
				E3DA78691C0848FC00F6C06A /* Resources */,
				E3CE4E591C0224BD0096D0FB /* Frameworks */,
				E36079C51C18856600AD6D11 /* Models */,
				E3CE4E4F1C02226F0096D0FB /* CoreData */,
				E3CE4E501C02226F0096D0FB /* Services */,
				E3CE4E511C02226F0096D0FB /* Views */,
				E3CE4E521C02226F0096D0FB /* ViewsControllers */,
				E3CE4E171C0221850096D0FB /* AppDelegate.h */,
				E3CE4E181C0221850096D0FB /* AppDelegate.m */,
				E3CE4E231C0221850096D0FB /* Assets.xcassets */,
				E3DA78AC1C086B5100F6C06A /* Main.storyboard */,
				E3CE4E251C0221850096D0FB /* LaunchScreen.storyboard */,
				E3CE4E281C0221850096D0FB /* Info.plist */,
				E3CE4E141C0221850096D0FB /* Supporting Files */,
			);
			path = HUI;
			sourceTree = "<group>";
		};
		E3CE4E141C0221850096D0FB /* Supporting Files */ = {
			isa = PBXGroup;
			children = (
				E3DA78AB1C085D6F00F6C06A /* NavigationTransitionController-Prefix.pch */,
				E3CE4E151C0221850096D0FB /* main.m */,
			);
			name = "Supporting Files";
			sourceTree = "<group>";
		};
		E3CE4E301C0221850096D0FB /* HUITests */ = {
			isa = PBXGroup;
			children = (
				E3CE4E311C0221850096D0FB /* HUITests.m */,
				E3CE4E331C0221850096D0FB /* Info.plist */,
			);
			path = HUITests;
			sourceTree = "<group>";
		};
		E3CE4E3B1C0221850096D0FB /* HUIUITests */ = {
			isa = PBXGroup;
			children = (
				E3CE4E3C1C0221850096D0FB /* HUIUITests.m */,
				E3CE4E3E1C0221850096D0FB /* Info.plist */,
			);
			path = HUIUITests;
			sourceTree = "<group>";
		};
		E3CE4E4F1C02226F0096D0FB /* CoreData */ = {
			isa = PBXGroup;
			children = (
				E3CE4E531C0222C10096D0FB /* HUI.xcdatamodeld */,
			);
			path = CoreData;
			sourceTree = "<group>";
		};
		E3CE4E501C02226F0096D0FB /* Services */ = {
			isa = PBXGroup;
			children = (
				E36079D51C1968AF00AD6D11 /* Manager.h */,
				E36079D61C1968AF00AD6D11 /* Manager.m */,
				E39B8CA21C2A858E0015EF9F /* CoreServices.h */,
				E39B8CA31C2A858F0015EF9F /* CoreServices.m */,
			);
			path = Services;
			sourceTree = "<group>";
		};
		E3CE4E511C02226F0096D0FB /* Views */ = {
			isa = PBXGroup;
			children = (
				E30816931C0457EA0007D896 /* WalkOne.xib */,
				E30816941C0457EA0007D896 /* WalkThree.xib */,
				E30816951C0457EA0007D896 /* WalkThroughViewController.xib */,
				E30816961C0457EA0007D896 /* WalkTwo.xib */,
				E30816971C0457EA0007D896 /* WalkZero.xib */,
				E3694FE01C074A1A0036D1F1 /* DetailPlantView.xib */,
				E3694FE21C074A540036D1F1 /* SearchPlantView.xib */,
				E3B02EB21C09AEB9005E7DF4 /* MainView.xib */,
				E3DF6C9F1C0D896200004DA2 /* PlantView.xib */,
				E3EFE1F21C108BF50033BB25 /* AskHuiView.xib */,
				E39B8C641C1DEAB50015EF9F /* View.xib */,
				E39B8C691C1DEB670015EF9F /* ConfigureView.xib */,
			);
			path = Views;
			sourceTree = "<group>";
		};
		E3CE4E521C02226F0096D0FB /* ViewsControllers */ = {
			isa = PBXGroup;
			children = (
				E3190EE91C06F36800F8C390 /* BaseViewController.h */,
				E3190EEA1C06F36800F8C390 /* BaseViewController.m */,
				E3B02EAF1C09AE76005E7DF4 /* MainViewController.h */,
				E3B02EB01C09AE76005E7DF4 /* MainViewController.m */,
				E3694FDA1C07330D0036D1F1 /* DetailPlantViewController.h */,
				E3694FDB1C07330D0036D1F1 /* DetailPlantViewController.m */,
				E3694FDD1C0733670036D1F1 /* SearchPlantViewController.h */,
				E3694FDE1C0733670036D1F1 /* SearchPlantViewController.m */,
				E3DA78601C08430600F6C06A /* PlantViewController.h */,
				E3DA78611C08430600F6C06A /* PlantViewController.m */,
				E3EFE1F41C108C0A0033BB25 /* AskHuiViewController.h */,
				E3EFE1F51C108C0A0033BB25 /* AskHuiViewController.m */,
				E3CE4E561C0222CC0096D0FB /* ViewController.h */,
				E3CE4E571C0222CD0096D0FB /* ViewController.m */,
				E308168A1C04558D0007D896 /* WalkthroughPageViewController.h */,
				E308168B1C04558D0007D896 /* WalkthroughPageViewController.m */,
				E308168C1C04558D0007D896 /* WalkThroughViewController.h */,
				E308168D1C04558D0007D896 /* WalkThroughViewController.m */,
				E30816901C0455CB0007D896 /* CustomPageViewController.h */,
				E30816911C0455CB0007D896 /* CustomPageViewController.m */,
				E39B8C661C1DEAFF0015EF9F /* ConfigureViewController.h */,
				E39B8C671C1DEAFF0015EF9F /* ConfigureViewController.m */,
			);
			path = ViewsControllers;
			sourceTree = "<group>";
		};
		E3CE4E591C0224BD0096D0FB /* Frameworks */ = {
			isa = PBXGroup;
			children = (
				E39B8C8A1C20626A0015EF9F /* CoreLocation.framework */,
				E39B8C881C2062590015EF9F /* MobileCoreServices.framework */,
				E3EFE1DB1C0F4F190033BB25 /* SpeechKit.framework */,
				E3EFE1D51C0F48F10033BB25 /* Security.framework */,
				E3EFE1D31C0F48DC0033BB25 /* AVFoundation.framework */,
				E3EFE1D11C0F48CD0033BB25 /* AudioToolbox.framework */,
				E3CE4E681C0227B60096D0FB /* libsqlite3.0.tbd */,
				E3DA78651C08489200F6C06A /* UIKit.framework */,
				E3DA78631C08486800F6C06A /* CFNetwork.framework */,
				E3CE4E661C0227330096D0FB /* QuartzCore.framework */,
				E3CE4E641C0227250096D0FB /* ImageIO.framework */,
				E3CE4E621C02271B0096D0FB /* CoreGraphics.framework */,
				E3CE4E601C0227110096D0FB /* Foundation.framework */,
				E3CE4E5E1C0226D80096D0FB /* SystemConfiguration.framework */,
				E3CE4E5C1C0226B80096D0FB /* CoreData.framework */,
			);
			name = Frameworks;
			sourceTree = "<group>";
		};
		E3DA78691C0848FC00F6C06A /* Resources */ = {
			isa = PBXGroup;
			children = (
				E3F694A81C46ADAD008A2F3C /* Fonts */,
				E39B8C831C2062050015EF9F /* Wit */,
				E3DDCB331C11BE2F0053E150 /* Progress */,
				E3EFE1F71C109B550033BB25 /* Utils */,
				E3EFE1DD1C0F4FBA0033BB25 /* Voice */,
				E3DA78981C084F1100F6C06A /* Reachability */,
			);
			path = Resources;
			sourceTree = "<group>";
		};
		E3DA78981C084F1100F6C06A /* Reachability */ = {
			isa = PBXGroup;
			children = (
				E3DA78991C084F1100F6C06A /* Reachability.h */,
				E3DA789A1C084F1100F6C06A /* Reachability.m */,
			);
			path = Reachability;
			sourceTree = "<group>";
		};
		E3DDCB331C11BE2F0053E150 /* Progress */ = {
			isa = PBXGroup;
			children = (
				E3DDCB341C11BE2F0053E150 /* Images */,
				E3DDCB3C1C11BE2F0053E150 /* MBProgressHUD.h */,
				E3DDCB3D1C11BE2F0053E150 /* MBProgressHUD.m */,
			);
			path = Progress;
			sourceTree = "<group>";
		};
		E3DDCB341C11BE2F0053E150 /* Images */ = {
			isa = PBXGroup;
			children = (
				E3DDCB351C11BE2F0053E150 /* 37x-Checkmark.png */,
				E3DDCB361C11BE2F0053E150 /* 37x-Checkmark@2x.png */,
				E3DDCB371C11BE2F0053E150 /* Icon-iOS7@2x.png */,
				E3DDCB381C11BE2F0053E150 /* Icon-Small.png */,
				E3DDCB391C11BE2F0053E150 /* Icon-Small@2x.png */,
				E3DDCB3A1C11BE2F0053E150 /* Icon.png */,
				E3DDCB3B1C11BE2F0053E150 /* Icon@2x.png */,
			);
			path = Images;
			sourceTree = "<group>";
		};
		E3EFE1DD1C0F4FBA0033BB25 /* Voice */ = {
			isa = PBXGroup;
			children = (
				E3DDCB461C11F5BC0053E150 /* Play.wav */,
				E3DDCB2D1C11B46E0053E150 /* Cancel.wav */,
				E3DDCB2E1C11B46E0053E150 /* Robot1.wav */,
				E3DDCB2F1C11B46E0053E150 /* Robot2.wav */,
				E3EFE1E11C0F51C40033BB25 /* earcon_cancel.wav */,
				E3EFE1E21C0F51C40033BB25 /* earcon_done_listening.wav */,
				E3EFE1E31C0F51C40033BB25 /* earcon_listening.wav */,
			);
			path = Voice;
			sourceTree = "<group>";
		};
		E3EFE1F71C109B550033BB25 /* Utils */ = {
			isa = PBXGroup;
			children = (
				E3EFE1F81C109CDA0033BB25 /* Utils.h */,
				E3EFE1F91C109CDA0033BB25 /* Utils.m */,
				E39B8C961C22A0770015EF9F /* Constants.h */,
				E39B8C9F1C23244D0015EF9F /* Test.h */,
				E32A472F1C56725600EDF993 /* Comunicator.h */,
				E32A47301C56725600EDF993 /* Comunicator.m */,
			);
			path = Utils;
			sourceTree = "<group>";
		};
		E3F694A81C46ADAD008A2F3C /* Fonts */ = {
			isa = PBXGroup;
			children = (
				E3F694A91C46ADAD008A2F3C /* GrandHotel-Regular.ttf */,
				E3F694AA1C46ADAD008A2F3C /* Multicolore.otf */,
			);
			path = Fonts;
			sourceTree = "<group>";
		};
/* End PBXGroup section */

/* Begin PBXNativeTarget section */
		E3CE4E101C0221850096D0FB /* HUI */ = {
			isa = PBXNativeTarget;
			buildConfigurationList = E3CE4E411C0221850096D0FB /* Build configuration list for PBXNativeTarget "HUI" */;
			buildPhases = (
				C1C2EA40DC9A3FC40726EB33 /* Check Pods Manifest.lock */,
				E3CE4E0D1C0221850096D0FB /* Sources */,
				E3CE4E0E1C0221850096D0FB /* Frameworks */,
				E3CE4E0F1C0221850096D0FB /* Resources */,
				D6D857ECFBA20F62DE457111 /* Embed Pods Frameworks */,
				07371D02AED55B3BA86AC32A /* Copy Pods Resources */,
			);
			buildRules = (
			);
			dependencies = (
			);
			name = HUI;
			productName = HUI;
			productReference = E3CE4E111C0221850096D0FB /* HUI.app */;
			productType = "com.apple.product-type.application";
		};
		E3CE4E2C1C0221850096D0FB /* HUITests */ = {
			isa = PBXNativeTarget;
			buildConfigurationList = E3CE4E441C0221850096D0FB /* Build configuration list for PBXNativeTarget "HUITests" */;
			buildPhases = (
				E3CE4E291C0221850096D0FB /* Sources */,
				E3CE4E2A1C0221850096D0FB /* Frameworks */,
				E3CE4E2B1C0221850096D0FB /* Resources */,
			);
			buildRules = (
			);
			dependencies = (
				E3CE4E2F1C0221850096D0FB /* PBXTargetDependency */,
			);
			name = HUITests;
			productName = HUITests;
			productReference = E3CE4E2D1C0221850096D0FB /* HUITests.xctest */;
			productType = "com.apple.product-type.bundle.unit-test";
		};
		E3CE4E371C0221850096D0FB /* HUIUITests */ = {
			isa = PBXNativeTarget;
			buildConfigurationList = E3CE4E471C0221850096D0FB /* Build configuration list for PBXNativeTarget "HUIUITests" */;
			buildPhases = (
				E3CE4E341C0221850096D0FB /* Sources */,
				E3CE4E351C0221850096D0FB /* Frameworks */,
				E3CE4E361C0221850096D0FB /* Resources */,
			);
			buildRules = (
			);
			dependencies = (
				E3CE4E3A1C0221850096D0FB /* PBXTargetDependency */,
			);
			name = HUIUITests;
			productName = HUIUITests;
			productReference = E3CE4E381C0221850096D0FB /* HUIUITests.xctest */;
			productType = "com.apple.product-type.bundle.ui-testing";
		};
/* End PBXNativeTarget section */

/* Begin PBXProject section */
		E3CE4E091C0221850096D0FB /* Project object */ = {
			isa = PBXProject;
			attributes = {
				LastUpgradeCheck = 0710;
				ORGANIZATIONNAME = "Giraldez Lopez SL";
				TargetAttributes = {
					E3CE4E101C0221850096D0FB = {
						CreatedOnToolsVersion = 7.1.1;
						DevelopmentTeam = MYY9TNWLB7;
					};
					E3CE4E2C1C0221850096D0FB = {
						CreatedOnToolsVersion = 7.1.1;
						TestTargetID = E3CE4E101C0221850096D0FB;
					};
					E3CE4E371C0221850096D0FB = {
						CreatedOnToolsVersion = 7.1.1;
						TestTargetID = E3CE4E101C0221850096D0FB;
					};
				};
			};
			buildConfigurationList = E3CE4E0C1C0221850096D0FB /* Build configuration list for PBXProject "HUI" */;
			compatibilityVersion = "Xcode 3.2";
			developmentRegion = English;
			hasScannedForEncodings = 0;
			knownRegions = (
				en,
				Base,
			);
			mainGroup = E3CE4E081C0221850096D0FB;
			productRefGroup = E3CE4E121C0221850096D0FB /* Products */;
			projectDirPath = "";
			projectRoot = "";
			targets = (
				E3CE4E101C0221850096D0FB /* HUI */,
				E3CE4E2C1C0221850096D0FB /* HUITests */,
				E3CE4E371C0221850096D0FB /* HUIUITests */,
			);
		};
/* End PBXProject section */

/* Begin PBXResourcesBuildPhase section */
		E3CE4E0F1C0221850096D0FB /* Resources */ = {
			isa = PBXResourcesBuildPhase;
			buildActionMask = 2147483647;
			files = (
				E39B8C651C1DEAB50015EF9F /* View.xib in Resources */,
				E3DDCB431C11BE2F0053E150 /* Icon.png in Resources */,
				E3694FE31C074A540036D1F1 /* SearchPlantView.xib in Resources */,
				E3DA78AE1C086B5100F6C06A /* Main.storyboard in Resources */,
				E3DDCB321C11B46E0053E150 /* Robot2.wav in Resources */,
				E3DDCB411C11BE2F0053E150 /* Icon-Small.png in Resources */,
				E3CE4E271C0221850096D0FB /* LaunchScreen.storyboard in Resources */,
				E3DDCB421C11BE2F0053E150 /* Icon-Small@2x.png in Resources */,
				E3B3B0161C71E16F005C39CC /* GoogleService-Info.plist in Resources */,
				E3EFE1F31C108BF50033BB25 /* AskHuiView.xib in Resources */,
				E30816981C0457EA0007D896 /* WalkOne.xib in Resources */,
				E3DDCB441C11BE2F0053E150 /* Icon@2x.png in Resources */,
				E3DDCB311C11B46E0053E150 /* Robot1.wav in Resources */,
				E3CE4E241C0221850096D0FB /* Assets.xcassets in Resources */,
				E308169A1C0457EA0007D896 /* WalkThroughViewController.xib in Resources */,
				E308169C1C0457EA0007D896 /* WalkZero.xib in Resources */,
				E3EFE1E61C0F51C40033BB25 /* earcon_listening.wav in Resources */,
				E3694FE11C074A1A0036D1F1 /* DetailPlantView.xib in Resources */,
				E3DDCB3E1C11BE2F0053E150 /* 37x-Checkmark.png in Resources */,
				E3EFE1E41C0F51C40033BB25 /* earcon_cancel.wav in Resources */,
				E3DDCB301C11B46E0053E150 /* Cancel.wav in Resources */,
				E3F694AB1C46ADAD008A2F3C /* GrandHotel-Regular.ttf in Resources */,
				E3F694AC1C46ADAD008A2F3C /* Multicolore.otf in Resources */,
				E39B8C921C20689D0015EF9F /* Wit.bundle in Resources */,
				E3DF6CA01C0D896200004DA2 /* PlantView.xib in Resources */,
				E3DDCB3F1C11BE2F0053E150 /* 37x-Checkmark@2x.png in Resources */,
				E308169B1C0457EA0007D896 /* WalkTwo.xib in Resources */,
				E3DDCB471C11F5BC0053E150 /* Play.wav in Resources */,
				E39B8C6A1C1DEB670015EF9F /* ConfigureView.xib in Resources */,
				E30816991C0457EA0007D896 /* WalkThree.xib in Resources */,
				E3EFE1E51C0F51C40033BB25 /* earcon_done_listening.wav in Resources */,
				E3DDCB401C11BE2F0053E150 /* Icon-iOS7@2x.png in Resources */,
				E3B02EB31C09AEB9005E7DF4 /* MainView.xib in Resources */,
			);
			runOnlyForDeploymentPostprocessing = 0;
		};
		E3CE4E2B1C0221850096D0FB /* Resources */ = {
			isa = PBXResourcesBuildPhase;
			buildActionMask = 2147483647;
			files = (
			);
			runOnlyForDeploymentPostprocessing = 0;
		};
		E3CE4E361C0221850096D0FB /* Resources */ = {
			isa = PBXResourcesBuildPhase;
			buildActionMask = 2147483647;
			files = (
			);
			runOnlyForDeploymentPostprocessing = 0;
		};
/* End PBXResourcesBuildPhase section */

/* Begin PBXShellScriptBuildPhase section */
		07371D02AED55B3BA86AC32A /* Copy Pods Resources */ = {
			isa = PBXShellScriptBuildPhase;
			buildActionMask = 2147483647;
			files = (
			);
			inputPaths = (
			);
			name = "Copy Pods Resources";
			outputPaths = (
			);
			runOnlyForDeploymentPostprocessing = 0;
			shellPath = /bin/sh;
			shellScript = "\"${SRCROOT}/Pods/Target Support Files/Pods/Pods-resources.sh\"\n";
			showEnvVarsInLog = 0;
		};
		C1C2EA40DC9A3FC40726EB33 /* Check Pods Manifest.lock */ = {
			isa = PBXShellScriptBuildPhase;
			buildActionMask = 2147483647;
			files = (
			);
			inputPaths = (
			);
			name = "Check Pods Manifest.lock";
			outputPaths = (
			);
			runOnlyForDeploymentPostprocessing = 0;
			shellPath = /bin/sh;
			shellScript = "diff \"${PODS_ROOT}/../Podfile.lock\" \"${PODS_ROOT}/Manifest.lock\" > /dev/null\nif [[ $? != 0 ]] ; then\n    cat << EOM\nerror: The sandbox is not in sync with the Podfile.lock. Run 'pod install' or update your CocoaPods installation.\nEOM\n    exit 1\nfi\n";
			showEnvVarsInLog = 0;
		};
		D6D857ECFBA20F62DE457111 /* Embed Pods Frameworks */ = {
			isa = PBXShellScriptBuildPhase;
			buildActionMask = 2147483647;
			files = (
			);
			inputPaths = (
			);
			name = "Embed Pods Frameworks";
			outputPaths = (
			);
			runOnlyForDeploymentPostprocessing = 0;
			shellPath = /bin/sh;
			shellScript = "\"${SRCROOT}/Pods/Target Support Files/Pods/Pods-frameworks.sh\"\n";
			showEnvVarsInLog = 0;
		};
/* End PBXShellScriptBuildPhase section */

/* Begin PBXSourcesBuildPhase section */
		E3CE4E0D1C0221850096D0FB /* Sources */ = {
			isa = PBXSourcesBuildPhase;
			buildActionMask = 2147483647;
			files = (
				E3DA789B1C084F1100F6C06A /* Reachability.m in Sources */,
				E3CE4E551C0222C10096D0FB /* HUI.xcdatamodeld in Sources */,
				E3190EEB1C06F36800F8C390 /* BaseViewController.m in Sources */,
				E308168E1C04558D0007D896 /* WalkthroughPageViewController.m in Sources */,
				E3B02EB11C09AE76005E7DF4 /* MainViewController.m in Sources */,
				E3694FDC1C07330D0036D1F1 /* DetailPlantViewController.m in Sources */,
				E32A47311C56725600EDF993 /* Comunicator.m in Sources */,
				E3694FDF1C0733670036D1F1 /* SearchPlantViewController.m in Sources */,
				E3DA78621C08430600F6C06A /* PlantViewController.m in Sources */,
				E36079D41C18887700AD6D11 /* PlantViewModel.m in Sources */,
				E36079D71C1968AF00AD6D11 /* Manager.m in Sources */,
				E3CE4E191C0221850096D0FB /* AppDelegate.m in Sources */,
				E33823751C1A2C310029C285 /* HUIViewModel.m in Sources */,
				E3EFE1F61C108C0A0033BB25 /* AskHuiViewController.m in Sources */,
				E30816921C0455CB0007D896 /* CustomPageViewController.m in Sources */,
				E39B8CA41C2A858F0015EF9F /* CoreServices.m in Sources */,
				E3CE4E581C0222CD0096D0FB /* ViewController.m in Sources */,
				E36079CB1C18867D00AD6D11 /* BaseViewModel.m in Sources */,
				E3DDCB451C11BE2F0053E150 /* MBProgressHUD.m in Sources */,
				E308168F1C04558D0007D896 /* WalkThroughViewController.m in Sources */,
				E3CE4E161C0221850096D0FB /* main.m in Sources */,
				E3EFE1FA1C109CDA0033BB25 /* Utils.m in Sources */,
				E39B8C681C1DEAFF0015EF9F /* ConfigureViewController.m in Sources */,
			);
			runOnlyForDeploymentPostprocessing = 0;
		};
		E3CE4E291C0221850096D0FB /* Sources */ = {
			isa = PBXSourcesBuildPhase;
			buildActionMask = 2147483647;
			files = (
				E3CE4E321C0221850096D0FB /* HUITests.m in Sources */,
			);
			runOnlyForDeploymentPostprocessing = 0;
		};
		E3CE4E341C0221850096D0FB /* Sources */ = {
			isa = PBXSourcesBuildPhase;
			buildActionMask = 2147483647;
			files = (
				E3CE4E3D1C0221850096D0FB /* HUIUITests.m in Sources */,
			);
			runOnlyForDeploymentPostprocessing = 0;
		};
/* End PBXSourcesBuildPhase section */

/* Begin PBXTargetDependency section */
		E3CE4E2F1C0221850096D0FB /* PBXTargetDependency */ = {
			isa = PBXTargetDependency;
			target = E3CE4E101C0221850096D0FB /* HUI */;
			targetProxy = E3CE4E2E1C0221850096D0FB /* PBXContainerItemProxy */;
		};
		E3CE4E3A1C0221850096D0FB /* PBXTargetDependency */ = {
			isa = PBXTargetDependency;
			target = E3CE4E101C0221850096D0FB /* HUI */;
			targetProxy = E3CE4E391C0221850096D0FB /* PBXContainerItemProxy */;
		};
/* End PBXTargetDependency section */

/* Begin PBXVariantGroup section */
		E3CE4E251C0221850096D0FB /* LaunchScreen.storyboard */ = {
			isa = PBXVariantGroup;
			children = (
				E3CE4E261C0221850096D0FB /* Base */,
			);
			name = LaunchScreen.storyboard;
			sourceTree = "<group>";
		};
		E3DA78AC1C086B5100F6C06A /* Main.storyboard */ = {
			isa = PBXVariantGroup;
			children = (
				E3DA78AD1C086B5100F6C06A /* Base */,
			);
			name = Main.storyboard;
			sourceTree = "<group>";
		};
/* End PBXVariantGroup section */

/* Begin XCBuildConfiguration section */
		E3CE4E3F1C0221850096D0FB /* Debug */ = {
			isa = XCBuildConfiguration;
			buildSettings = {
				ALWAYS_SEARCH_USER_PATHS = NO;
				CLANG_CXX_LANGUAGE_STANDARD = "gnu++0x";
				CLANG_CXX_LIBRARY = "libc++";
				CLANG_ENABLE_MODULES = YES;
				CLANG_ENABLE_OBJC_ARC = YES;
				CLANG_WARN_BOOL_CONVERSION = YES;
				CLANG_WARN_CONSTANT_CONVERSION = YES;
				CLANG_WARN_DIRECT_OBJC_ISA_USAGE = YES_ERROR;
				CLANG_WARN_EMPTY_BODY = YES;
				CLANG_WARN_ENUM_CONVERSION = YES;
				CLANG_WARN_INT_CONVERSION = YES;
				CLANG_WARN_OBJC_ROOT_CLASS = YES_ERROR;
				CLANG_WARN_UNREACHABLE_CODE = YES;
				CLANG_WARN__DUPLICATE_METHOD_MATCH = YES;
				"CODE_SIGN_IDENTITY[sdk=iphoneos*]" = "iPhone Developer";
				COPY_PHASE_STRIP = NO;
				DEBUG_INFORMATION_FORMAT = dwarf;
				ENABLE_STRICT_OBJC_MSGSEND = YES;
				ENABLE_TESTABILITY = YES;
				GCC_C_LANGUAGE_STANDARD = gnu99;
				GCC_DYNAMIC_NO_PIC = NO;
				GCC_NO_COMMON_BLOCKS = YES;
				GCC_OPTIMIZATION_LEVEL = 0;
				GCC_PREPROCESSOR_DEFINITIONS = (
					"DEBUG=1",
					"$(inherited)",
				);
				GCC_WARN_64_TO_32_BIT_CONVERSION = YES;
				GCC_WARN_ABOUT_RETURN_TYPE = YES_ERROR;
				GCC_WARN_UNDECLARED_SELECTOR = YES;
				GCC_WARN_UNINITIALIZED_AUTOS = YES_AGGRESSIVE;
				GCC_WARN_UNUSED_FUNCTION = YES;
				GCC_WARN_UNUSED_VARIABLE = YES;
				IPHONEOS_DEPLOYMENT_TARGET = 9.1;
				MTL_ENABLE_DEBUG_INFO = YES;
				ONLY_ACTIVE_ARCH = YES;
				SDKROOT = iphoneos;
			};
			name = Debug;
		};
		E3CE4E401C0221850096D0FB /* Release */ = {
			isa = XCBuildConfiguration;
			buildSettings = {
				ALWAYS_SEARCH_USER_PATHS = NO;
				CLANG_CXX_LANGUAGE_STANDARD = "gnu++0x";
				CLANG_CXX_LIBRARY = "libc++";
				CLANG_ENABLE_MODULES = YES;
				CLANG_ENABLE_OBJC_ARC = YES;
				CLANG_WARN_BOOL_CONVERSION = YES;
				CLANG_WARN_CONSTANT_CONVERSION = YES;
				CLANG_WARN_DIRECT_OBJC_ISA_USAGE = YES_ERROR;
				CLANG_WARN_EMPTY_BODY = YES;
				CLANG_WARN_ENUM_CONVERSION = YES;
				CLANG_WARN_INT_CONVERSION = YES;
				CLANG_WARN_OBJC_ROOT_CLASS = YES_ERROR;
				CLANG_WARN_UNREACHABLE_CODE = YES;
				CLANG_WARN__DUPLICATE_METHOD_MATCH = YES;
				"CODE_SIGN_IDENTITY[sdk=iphoneos*]" = "iPhone Developer";
				COPY_PHASE_STRIP = NO;
				DEBUG_INFORMATION_FORMAT = "dwarf-with-dsym";
				ENABLE_NS_ASSERTIONS = NO;
				ENABLE_STRICT_OBJC_MSGSEND = YES;
				GCC_C_LANGUAGE_STANDARD = gnu99;
				GCC_NO_COMMON_BLOCKS = YES;
				GCC_WARN_64_TO_32_BIT_CONVERSION = YES;
				GCC_WARN_ABOUT_RETURN_TYPE = YES_ERROR;
				GCC_WARN_UNDECLARED_SELECTOR = YES;
				GCC_WARN_UNINITIALIZED_AUTOS = YES_AGGRESSIVE;
				GCC_WARN_UNUSED_FUNCTION = YES;
				GCC_WARN_UNUSED_VARIABLE = YES;
				IPHONEOS_DEPLOYMENT_TARGET = 9.1;
				MTL_ENABLE_DEBUG_INFO = NO;
				SDKROOT = iphoneos;
				VALIDATE_PRODUCT = YES;
			};
			name = Release;
		};
		E3CE4E421C0221850096D0FB /* Debug */ = {
			isa = XCBuildConfiguration;
			baseConfigurationReference = 3F50527291474C2F6DB81AED /* Pods.debug.xcconfig */;
			buildSettings = {
				ASSETCATALOG_COMPILER_APPICON_NAME = AppIcon;
				CODE_SIGN_IDENTITY = "iPhone Developer: Joaquin Giraldez Lopez (KDLWU8Z5LL)";
				ENABLE_BITCODE = NO;
				FRAMEWORK_SEARCH_PATHS = (
					"$(inherited)",
					"$(SRCROOT)",
					"$(PROJECT_DIR)/HUI",
					"$(PROJECT_DIR)/HUI/Resources/Wit",
				);
				GCC_PREFIX_HEADER = "";
				HEADER_SEARCH_PATHS = (
					"$(inherited)",
					"${PODS_ROOT}/Google/Headers",
				);
				INFOPLIST_FILE = HUI/Info.plist;
				IPHONEOS_DEPLOYMENT_TARGET = 9.2;
				LD_RUNPATH_SEARCH_PATHS = "";
				LIBRARY_SEARCH_PATHS = "$(inherited)";
				ONLY_ACTIVE_ARCH = NO;
				OTHER_LDFLAGS = "$(inherited)";
				PRODUCT_BUNDLE_IDENTIFIER = com.growandhelp.huitest01;
				PRODUCT_NAME = "$(TARGET_NAME)";
				VALID_ARCHS = "arm64 armv7 armv7s i386";
			};
			name = Debug;
		};
		E3CE4E431C0221850096D0FB /* Release */ = {
			isa = XCBuildConfiguration;
			baseConfigurationReference = 6ABAA538C58AACE92BFD10EB /* Pods.release.xcconfig */;
			buildSettings = {
				ASSETCATALOG_COMPILER_APPICON_NAME = AppIcon;
				CODE_SIGN_IDENTITY = "iPhone Developer: Joaquin Giraldez Lopez (KDLWU8Z5LL)";
				ENABLE_BITCODE = NO;
				FRAMEWORK_SEARCH_PATHS = (
					"$(inherited)",
					"$(SRCROOT)",
					"$(PROJECT_DIR)/HUI",
					"$(PROJECT_DIR)/HUI/Resources/Wit",
				);
				GCC_PREFIX_HEADER = "";
				HEADER_SEARCH_PATHS = (
					"$(inherited)",
					"${PODS_ROOT}/Google/Headers",
				);
				INFOPLIST_FILE = HUI/Info.plist;
				IPHONEOS_DEPLOYMENT_TARGET = 9.2;
				LD_RUNPATH_SEARCH_PATHS = "";
				LIBRARY_SEARCH_PATHS = "$(inherited)";
				ONLY_ACTIVE_ARCH = NO;
				OTHER_LDFLAGS = "$(inherited)";
				PRODUCT_BUNDLE_IDENTIFIER = com.growandhelp.huitest01;
				PRODUCT_NAME = "$(TARGET_NAME)";
				VALID_ARCHS = "arm64 armv7 armv7s i386";
			};
			name = Release;
		};
		E3CE4E451C0221850096D0FB /* Debug */ = {
			isa = XCBuildConfiguration;
			buildSettings = {
				BUNDLE_LOADER = "$(TEST_HOST)";
				INFOPLIST_FILE = HUITests/Info.plist;
				LD_RUNPATH_SEARCH_PATHS = "$(inherited) @executable_path/Frameworks @loader_path/Frameworks";
				PRODUCT_BUNDLE_IDENTIFIER = homeDevelop.HUITests;
				PRODUCT_NAME = "$(TARGET_NAME)";
				TEST_HOST = "$(BUILT_PRODUCTS_DIR)/HUI.app/HUI";
			};
			name = Debug;
		};
		E3CE4E461C0221850096D0FB /* Release */ = {
			isa = XCBuildConfiguration;
			buildSettings = {
				BUNDLE_LOADER = "$(TEST_HOST)";
				INFOPLIST_FILE = HUITests/Info.plist;
				LD_RUNPATH_SEARCH_PATHS = "$(inherited) @executable_path/Frameworks @loader_path/Frameworks";
				PRODUCT_BUNDLE_IDENTIFIER = homeDevelop.HUITests;
				PRODUCT_NAME = "$(TARGET_NAME)";
				TEST_HOST = "$(BUILT_PRODUCTS_DIR)/HUI.app/HUI";
			};
			name = Release;
		};
		E3CE4E481C0221850096D0FB /* Debug */ = {
			isa = XCBuildConfiguration;
			buildSettings = {
				INFOPLIST_FILE = HUIUITests/Info.plist;
				LD_RUNPATH_SEARCH_PATHS = "$(inherited) @executable_path/Frameworks @loader_path/Frameworks";
				PRODUCT_BUNDLE_IDENTIFIER = homeDevelop.HUIUITests;
				PRODUCT_NAME = "$(TARGET_NAME)";
				TEST_TARGET_NAME = HUI;
				USES_XCTRUNNER = YES;
			};
			name = Debug;
		};
		E3CE4E491C0221850096D0FB /* Release */ = {
			isa = XCBuildConfiguration;
			buildSettings = {
				INFOPLIST_FILE = HUIUITests/Info.plist;
				LD_RUNPATH_SEARCH_PATHS = "$(inherited) @executable_path/Frameworks @loader_path/Frameworks";
				PRODUCT_BUNDLE_IDENTIFIER = homeDevelop.HUIUITests;
				PRODUCT_NAME = "$(TARGET_NAME)";
				TEST_TARGET_NAME = HUI;
				USES_XCTRUNNER = YES;
			};
			name = Release;
		};
/* End XCBuildConfiguration section */

/* Begin XCConfigurationList section */
		E3CE4E0C1C0221850096D0FB /* Build configuration list for PBXProject "HUI" */ = {
			isa = XCConfigurationList;
			buildConfigurations = (
				E3CE4E3F1C0221850096D0FB /* Debug */,
				E3CE4E401C0221850096D0FB /* Release */,
			);
			defaultConfigurationIsVisible = 0;
			defaultConfigurationName = Release;
		};
		E3CE4E411C0221850096D0FB /* Build configuration list for PBXNativeTarget "HUI" */ = {
			isa = XCConfigurationList;
			buildConfigurations = (
				E3CE4E421C0221850096D0FB /* Debug */,
				E3CE4E431C0221850096D0FB /* Release */,
			);
			defaultConfigurationIsVisible = 0;
			defaultConfigurationName = Release;
		};
		E3CE4E441C0221850096D0FB /* Build configuration list for PBXNativeTarget "HUITests" */ = {
			isa = XCConfigurationList;
			buildConfigurations = (
				E3CE4E451C0221850096D0FB /* Debug */,
				E3CE4E461C0221850096D0FB /* Release */,
			);
			defaultConfigurationIsVisible = 0;
			defaultConfigurationName = Release;
		};
		E3CE4E471C0221850096D0FB /* Build configuration list for PBXNativeTarget "HUIUITests" */ = {
			isa = XCConfigurationList;
			buildConfigurations = (
				E3CE4E481C0221850096D0FB /* Debug */,
				E3CE4E491C0221850096D0FB /* Release */,
			);
			defaultConfigurationIsVisible = 0;
			defaultConfigurationName = Release;
		};
/* End XCConfigurationList section */

/* Begin XCVersionGroup section */
		E3CE4E531C0222C10096D0FB /* HUI.xcdatamodeld */ = {
			isa = XCVersionGroup;
			children = (
				E3CE4E541C0222C10096D0FB /* HUI.xcdatamodel */,
			);
			currentVersion = E3CE4E541C0222C10096D0FB /* HUI.xcdatamodel */;
			path = HUI.xcdatamodeld;
			sourceTree = "<group>";
			versionGroupType = wrapper.xcdatamodel;
		};
/* End XCVersionGroup section */
	};
	rootObject = E3CE4E091C0221850096D0FB /* Project object */;
}
